
Microsoft Visual Studio Solution File, Format Version 12.00
# Visual Studio Version 17
VisualStudioVersion = 17.1.32414.318
MinimumVisualStudioVersion = 10.0.40219.1
Project("{9A19103F-16F7-4668-BE54-9A1E7A4F7556}") = "API", "Degree project\API.csproj", "{662CCD82-675E-4839-A6F6-5957C4FE216F}"
EndProject
Project("{FAE04EC0-301F-11D3-BF4B-00C04F79EFBC}") = "Core", "Core\Core.csproj", "{B58058F7-4DF1-4CF2-8C31-2F8EC13EFA37}"
EndProject
Project("{FAE04EC0-301F-11D3-BF4B-00C04F79EFBC}") = "Infrastructure", "Infrastructure\Infrastructure.csproj", "{4CE10A94-BEBA-4A7D-BDD3-D53D75C0A547}"
EndProject
Global
	GlobalSection(SolutionConfigurationPlatforms) = preSolution
		Debug|Any CPU = Debug|Any CPU
		Release|Any CPU = Release|Any CPU
	EndGlobalSection
	GlobalSection(ProjectConfigurationPlatforms) = postSolution
		{662CCD82-675E-4839-A6F6-5957C4FE216F}.Debug|Any CPU.ActiveCfg = Debug|Any CPU
		{662CCD82-675E-4839-A6F6-5957C4FE216F}.Debug|Any CPU.Build.0 = Debug|Any CPU
		{662CCD82-675E-4839-A6F6-5957C4FE216F}.Release|Any CPU.ActiveCfg = Release|Any CPU
		{662CCD82-675E-4839-A6F6-5957C4FE216F}.Release|Any CPU.Build.0 = Release|Any CPU
		{B58058F7-4DF1-4CF2-8C31-2F8EC13EFA37}.Debug|Any CPU.ActiveCfg = Debug|Any CPU
		{B58058F7-4DF1-4CF2-8C31-2F8EC13EFA37}.Debug|Any CPU.Build.0 = Debug|Any CPU
		{B58058F7-4DF1-4CF2-8C31-2F8EC13EFA37}.Release|Any CPU.ActiveCfg = Release|Any CPU
		{B58058F7-4DF1-4CF2-8C31-2F8EC13EFA37}.Release|Any CPU.Build.0 = Release|Any CPU
		{4CE10A94-BEBA-4A7D-BDD3-D53D75C0A547}.Debug|Any CPU.ActiveCfg = Debug|Any CPU
		{4CE10A94-BEBA-4A7D-BDD3-D53D75C0A547}.Debug|Any CPU.Build.0 = Debug|Any CPU
		{4CE10A94-BEBA-4A7D-BDD3-D53D75C0A547}.Release|Any CPU.ActiveCfg = Release|Any CPU
		{4CE10A94-BEBA-4A7D-BDD3-D53D75C0A547}.Release|Any CPU.Build.0 = Release|Any CPU
	EndGlobalSection
	GlobalSection(SolutionProperties) = preSolution
		HideSolutionNode = FALSE
	EndGlobalSection
	GlobalSection(ExtensibilityGlobals) = postSolution
		SolutionGuid = {2141D142-8970-49DB-B7E8-C6281DA3B504}
	EndGlobalSection
EndGlobal
